// !$*UTF8*$!
{
	archiveVersion = 1;
	classes = {
	};
	objectVersion = 46;
	objects = {

/* Begin PBXBuildFile section */
		1337A8DD1CD3C81F0081F0D0 /* AppDelegate.swift in Sources */ = {isa = PBXBuildFile; fileRef = 1337A8DC1CD3C81F0081F0D0 /* AppDelegate.swift */; };
		1337A8DF1CD3C81F0081F0D0 /* RecordsSoundsViewController.swift in Sources */ = {isa = PBXBuildFile; fileRef = 1337A8DE1CD3C81F0081F0D0 /* RecordsSoundsViewController.swift */; };
		1337A8E21CD3C81F0081F0D0 /* Main.storyboard in Resources */ = {isa = PBXBuildFile; fileRef = 1337A8E01CD3C81F0081F0D0 /* Main.storyboard */; };
		1337A8E41CD3C81F0081F0D0 /* Assets.xcassets in Resources */ = {isa = PBXBuildFile; fileRef = 1337A8E31CD3C81F0081F0D0 /* Assets.xcassets */; };
		1337A8E71CD3C81F0081F0D0 /* LaunchScreen.storyboard in Resources */ = {isa = PBXBuildFile; fileRef = 1337A8E51CD3C81F0081F0D0 /* LaunchScreen.storyboard */; };
		1337A8F21CD3C81F0081F0D0 /* VoicePitchTests.swift in Sources */ = {isa = PBXBuildFile; fileRef = 1337A8F11CD3C81F0081F0D0 /* VoicePitchTests.swift */; };
		1337A8FD1CD3C81F0081F0D0 /* VoicePitchUITests.swift in Sources */ = {isa = PBXBuildFile; fileRef = 1337A8FC1CD3C81F0081F0D0 /* VoicePitchUITests.swift */; };
		1337A90B1CD3E9A20081F0D0 /* PlaySoundsViewsController.swift in Sources */ = {isa = PBXBuildFile; fileRef = 1337A90A1CD3E9A20081F0D0 /* PlaySoundsViewsController.swift */; };
		1337A90D1CD3F3F50081F0D0 /* PlaySoundsViewController+Audio.swift in Sources */ = {isa = PBXBuildFile; fileRef = 1337A90C1CD3F3F50081F0D0 /* PlaySoundsViewController+Audio.swift */; };
/* End PBXBuildFile section */

/* Begin PBXContainerItemProxy section */
		1337A8EE1CD3C81F0081F0D0 /* PBXContainerItemProxy */ = {
			isa = PBXContainerItemProxy;
			containerPortal = 1337A8D11CD3C81F0081F0D0 /* Project object */;
			proxyType = 1;
			remoteGlobalIDString = 1337A8D81CD3C81F0081F0D0;
			remoteInfo = VoicePitch;
		};
		1337A8F91CD3C81F0081F0D0 /* PBXContainerItemProxy */ = {
			isa = PBXContainerItemProxy;
			containerPortal = 1337A8D11CD3C81F0081F0D0 /* Project object */;
			proxyType = 1;
			remoteGlobalIDString = 1337A8D81CD3C81F0081F0D0;
			remoteInfo = VoicePitch;
		};
/* End PBXContainerItemProxy section */

/* Begin PBXFileReference section */
		1337A8D91CD3C81F0081F0D0 /* VoicePitch.app */ = {isa = PBXFileReference; explicitFileType = wrapper.application; includeInIndex = 0; path = VoicePitch.app; sourceTree = BUILT_PRODUCTS_DIR; };
		1337A8DC1CD3C81F0081F0D0 /* AppDelegate.swift */ = {isa = PBXFileReference; lastKnownFileType = sourcecode.swift; path = AppDelegate.swift; sourceTree = "<group>"; };
		1337A8DE1CD3C81F0081F0D0 /* RecordsSoundsViewController.swift */ = {isa = PBXFileReference; lastKnownFileType = sourcecode.swift; path = RecordsSoundsViewController.swift; sourceTree = "<group>"; };
		1337A8E11CD3C81F0081F0D0 /* Base */ = {isa = PBXFileReference; lastKnownFileType = file.storyboard; name = Base; path = Base.lproj/Main.storyboard; sourceTree = "<group>"; };
		1337A8E31CD3C81F0081F0D0 /* Assets.xcassets */ = {isa = PBXFileReference; lastKnownFileType = folder.assetcatalog; path = Assets.xcassets; sourceTree = "<group>"; };
		1337A8E61CD3C81F0081F0D0 /* Base */ = {isa = PBXFileReference; lastKnownFileType = file.storyboard; name = Base; path = Base.lproj/LaunchScreen.storyboard; sourceTree = "<group>"; };
		1337A8E81CD3C81F0081F0D0 /* Info.plist */ = {isa = PBXFileReference; lastKnownFileType = text.plist.xml; path = Info.plist; sourceTree = "<group>"; };
		1337A8ED1CD3C81F0081F0D0 /* VoicePitchTests.xctest */ = {isa = PBXFileReference; explicitFileType = wrapper.cfbundle; includeInIndex = 0; path = VoicePitchTests.xctest; sourceTree = BUILT_PRODUCTS_DIR; };
		1337A8F11CD3C81F0081F0D0 /* VoicePitchTests.swift */ = {isa = PBXFileReference; lastKnownFileType = sourcecode.swift; path = VoicePitchTests.swift; sourceTree = "<group>"; };
		1337A8F31CD3C81F0081F0D0 /* Info.plist */ = {isa = PBXFileReference; lastKnownFileType = text.plist.xml; path = Info.plist; sourceTree = "<group>"; };
		1337A8F81CD3C81F0081F0D0 /* VoicePitchUITests.xctest */ = {isa = PBXFileReference; explicitFileType = wrapper.cfbundle; includeInIndex = 0; path = VoicePitchUITests.xctest; sourceTree = BUILT_PRODUCTS_DIR; };
		1337A8FC1CD3C81F0081F0D0 /* VoicePitchUITests.swift */ = {isa = PBXFileReference; lastKnownFileType = sourcecode.swift; path = VoicePitchUITests.swift; sourceTree = "<group>"; };
		1337A8FE1CD3C81F0081F0D0 /* Info.plist */ = {isa = PBXFileReference; lastKnownFileType = text.plist.xml; path = Info.plist; sourceTree = "<group>"; };
		1337A90A1CD3E9A20081F0D0 /* PlaySoundsViewsController.swift */ = {isa = PBXFileReference; fileEncoding = 4; lastKnownFileType = sourcecode.swift; path = PlaySoundsViewsController.swift; sourceTree = "<group>"; };
		1337A90C1CD3F3F50081F0D0 /* PlaySoundsViewController+Audio.swift */ = {isa = PBXFileReference; fileEncoding = 4; lastKnownFileType = sourcecode.swift; path = "PlaySoundsViewController+Audio.swift"; sourceTree = "<group>"; };
/* End PBXFileReference section */

/* Begin PBXFrameworksBuildPhase section */
		1337A8D61CD3C81F0081F0D0 /* Frameworks */ = {
			isa = PBXFrameworksBuildPhase;
			buildActionMask = 2147483647;
			files = (
			);
			runOnlyForDeploymentPostprocessing = 0;
		};
		1337A8EA1CD3C81F0081F0D0 /* Frameworks */ = {
			isa = PBXFrameworksBuildPhase;
			buildActionMask = 2147483647;
			files = (
			);
			runOnlyForDeploymentPostprocessing = 0;
		};
		1337A8F51CD3C81F0081F0D0 /* Frameworks */ = {
			isa = PBXFrameworksBuildPhase;
			buildActionMask = 2147483647;
			files = (
			);
			runOnlyForDeploymentPostprocessing = 0;
		};
/* End PBXFrameworksBuildPhase section */

/* Begin PBXGroup section */
		1337A8D01CD3C81F0081F0D0 = {
			isa = PBXGroup;
			children = (
				1337A8DB1CD3C81F0081F0D0 /* VoicePitch */,
				1337A8F01CD3C81F0081F0D0 /* VoicePitchTests */,
				1337A8FB1CD3C81F0081F0D0 /* VoicePitchUITests */,
				1337A8DA1CD3C81F0081F0D0 /* Products */,
			);
			sourceTree = "<group>";
		};
		1337A8DA1CD3C81F0081F0D0 /* Products */ = {
			isa = PBXGroup;
			children = (
				1337A8D91CD3C81F0081F0D0 /* VoicePitch.app */,
				1337A8ED1CD3C81F0081F0D0 /* VoicePitchTests.xctest */,
				1337A8F81CD3C81F0081F0D0 /* VoicePitchUITests.xctest */,
			);
			name = Products;
			sourceTree = "<group>";
		};
		1337A8DB1CD3C81F0081F0D0 /* VoicePitch */ = {
			isa = PBXGroup;
			children = (
				1337A8DC1CD3C81F0081F0D0 /* AppDelegate.swift */,
				1337A8DE1CD3C81F0081F0D0 /* RecordsSoundsViewController.swift */,
				1337A90A1CD3E9A20081F0D0 /* PlaySoundsViewsController.swift */,
				1337A90C1CD3F3F50081F0D0 /* PlaySoundsViewController+Audio.swift */,
				1337A8E01CD3C81F0081F0D0 /* Main.storyboard */,
				1337A8E31CD3C81F0081F0D0 /* Assets.xcassets */,
				1337A8E51CD3C81F0081F0D0 /* LaunchScreen.storyboard */,
				1337A8E81CD3C81F0081F0D0 /* Info.plist */,
			);
			path = VoicePitch;
			sourceTree = "<group>";
		};
		1337A8F01CD3C81F0081F0D0 /* VoicePitchTests */ = {
			isa = PBXGroup;
			children = (
				1337A8F11CD3C81F0081F0D0 /* VoicePitchTests.swift */,
				1337A8F31CD3C81F0081F0D0 /* Info.plist */,
			);
			path = VoicePitchTests;
			sourceTree = "<group>";
		};
		1337A8FB1CD3C81F0081F0D0 /* VoicePitchUITests */ = {
			isa = PBXGroup;
			children = (
				1337A8FC1CD3C81F0081F0D0 /* VoicePitchUITests.swift */,
				1337A8FE1CD3C81F0081F0D0 /* Info.plist */,
			);
			path = VoicePitchUITests;
			sourceTree = "<group>";
		};
/* End PBXGroup section */

/* Begin PBXNativeTarget section */
		1337A8D81CD3C81F0081F0D0 /* VoicePitch */ = {
			isa = PBXNativeTarget;
			buildConfigurationList = 1337A9011CD3C81F0081F0D0 /* Build configuration list for PBXNativeTarget "VoicePitch" */;
			buildPhases = (
				1337A8D51CD3C81F0081F0D0 /* Sources */,
				1337A8D61CD3C81F0081F0D0 /* Frameworks */,
				1337A8D71CD3C81F0081F0D0 /* Resources */,
			);
			buildRules = (
			);
			dependencies = (
			);
			name = VoicePitch;
			productName = VoicePitch;
			productReference = 1337A8D91CD3C81F0081F0D0 /* VoicePitch.app */;
			productType = "com.apple.product-type.application";
		};
		1337A8EC1CD3C81F0081F0D0 /* VoicePitchTests */ = {
			isa = PBXNativeTarget;
			buildConfigurationList = 1337A9041CD3C81F0081F0D0 /* Build configuration list for PBXNativeTarget "VoicePitchTests" */;
			buildPhases = (
				1337A8E91CD3C81F0081F0D0 /* Sources */,
				1337A8EA1CD3C81F0081F0D0 /* Frameworks */,
				1337A8EB1CD3C81F0081F0D0 /* Resources */,
			);
			buildRules = (
			);
			dependencies = (
				1337A8EF1CD3C81F0081F0D0 /* PBXTargetDependency */,
			);
			name = VoicePitchTests;
			productName = VoicePitchTests;
			productReference = 1337A8ED1CD3C81F0081F0D0 /* VoicePitchTests.xctest */;
			productType = "com.apple.product-type.bundle.unit-test";
		};
		1337A8F71CD3C81F0081F0D0 /* VoicePitchUITests */ = {
			isa = PBXNativeTarget;
			buildConfigurationList = 1337A9071CD3C81F0081F0D0 /* Build configuration list for PBXNativeTarget "VoicePitchUITests" */;
			buildPhases = (
				1337A8F41CD3C81F0081F0D0 /* Sources */,
				1337A8F51CD3C81F0081F0D0 /* Frameworks */,
				1337A8F61CD3C81F0081F0D0 /* Resources */,
			);
			buildRules = (
			);
			dependencies = (
				1337A8FA1CD3C81F0081F0D0 /* PBXTargetDependency */,
			);
			name = VoicePitchUITests;
			productName = VoicePitchUITests;
			productReference = 1337A8F81CD3C81F0081F0D0 /* VoicePitchUITests.xctest */;
			productType = "com.apple.product-type.bundle.ui-testing";
		};
/* End PBXNativeTarget section */

/* Begin PBXProject section */
		1337A8D11CD3C81F0081F0D0 /* Project object */ = {
			isa = PBXProject;
			attributes = {
				LastSwiftUpdateCheck = 0730;
				LastUpgradeCheck = 0730;
				ORGANIZATIONNAME = "Johnny Parham";
				TargetAttributes = {
					1337A8D81CD3C81F0081F0D0 = {
						CreatedOnToolsVersion = 7.3;
					};
					1337A8EC1CD3C81F0081F0D0 = {
						CreatedOnToolsVersion = 7.3;
						TestTargetID = 1337A8D81CD3C81F0081F0D0;
					};
					1337A8F71CD3C81F0081F0D0 = {
						CreatedOnToolsVersion = 7.3;
						TestTargetID = 1337A8D81CD3C81F0081F0D0;
					};
				};
			};
			buildConfigurationList = 1337A8D41CD3C81F0081F0D0 /* Build configuration list for PBXProject "VoicePitch" */;
			compatibilityVersion = "Xcode 3.2";
			developmentRegion = English;
			hasScannedForEncodings = 0;
			knownRegions = (
				en,
				Base,
			);
			mainGroup = 1337A8D01CD3C81F0081F0D0;
			productRefGroup = 1337A8DA1CD3C81F0081F0D0 /* Products */;
			projectDirPath = "";
			projectRoot = "";
			targets = (
				1337A8D81CD3C81F0081F0D0 /* VoicePitch */,
				1337A8EC1CD3C81F0081F0D0 /* VoicePitchTests */,
				1337A8F71CD3C81F0081F0D0 /* VoicePitchUITests */,
			);
		};
/* End PBXProject section */

/* Begin PBXResourcesBuildPhase section */
		1337A8D71CD3C81F0081F0D0 /* Resources */ = {
			isa = PBXResourcesBuildPhase;
			buildActionMask = 2147483647;
			files = (
				1337A8E71CD3C81F0081F0D0 /* LaunchScreen.storyboard in Resources */,
				1337A8E41CD3C81F0081F0D0 /* Assets.xcassets in Resources */,
				1337A8E21CD3C81F0081F0D0 /* Main.storyboard in Resources */,
			);
			runOnlyForDeploymentPostprocessing = 0;
		};
		1337A8EB1CD3C81F0081F0D0 /* Resources */ = {
			isa = PBXResourcesBuildPhase;
			buildActionMask = 2147483647;
			files = (
			);
			runOnlyForDeploymentPostprocessing = 0;
		};
		1337A8F61CD3C81F0081F0D0 /* Resources */ = {
			isa = PBXResourcesBuildPhase;
			buildActionMask = 2147483647;
			files = (
			);
			runOnlyForDeploymentPostprocessing = 0;
		};
/* End PBXResourcesBuildPhase section */

/* Begin PBXSourcesBuildPhase section */
		1337A8D51CD3C81F0081F0D0 /* Sources */ = {
			isa = PBXSourcesBuildPhase;
			buildActionMask = 2147483647;
			files = (
				1337A8DF1CD3C81F0081F0D0 /* RecordsSoundsViewController.swift in Sources */,
				1337A90D1CD3F3F50081F0D0 /* PlaySoundsViewController+Audio.swift in Sources */,
				1337A90B1CD3E9A20081F0D0 /* PlaySoundsViewsController.swift in Sources */,
				1337A8DD1CD3C81F0081F0D0 /* AppDelegate.swift in Sources */,
			);
			runOnlyForDeploymentPostprocessing = 0;
		};
		1337A8E91CD3C81F0081F0D0 /* Sources */ = {
			isa = PBXSourcesBuildPhase;
			buildActionMask = 2147483647;
			files = (
				1337A8F21CD3C81F0081F0D0 /* VoicePitchTests.swift in Sources */,
			);
			runOnlyForDeploymentPostprocessing = 0;
		};
		1337A8F41CD3C81F0081F0D0 /* Sources */ = {
			isa = PBXSourcesBuildPhase;
			buildActionMask = 2147483647;
			files = (
				1337A8FD1CD3C81F0081F0D0 /* VoicePitchUITests.swift in Sources */,
			);
			runOnlyForDeploymentPostprocessing = 0;
		};
/* End PBXSourcesBuildPhase section */

/* Begin PBXTargetDependency section */
		1337A8EF1CD3C81F0081F0D0 /* PBXTargetDependency */ = {
			isa = PBXTargetDependency;
			target = 1337A8D81CD3C81F0081F0D0 /* VoicePitch */;
			targetProxy = 1337A8EE1CD3C81F0081F0D0 /* PBXContainerItemProxy */;
		};
		1337A8FA1CD3C81F0081F0D0 /* PBXTargetDependency */ = {
			isa = PBXTargetDependency;
			target = 1337A8D81CD3C81F0081F0D0 /* VoicePitch */;
			targetProxy = 1337A8F91CD3C81F0081F0D0 /* PBXContainerItemProxy */;
		};
/* End PBXTargetDependency section */

/* Begin PBXVariantGroup section */
		1337A8E01CD3C81F0081F0D0 /* Main.storyboard */ = {
			isa = PBXVariantGroup;
			children = (
				1337A8E11CD3C81F0081F0D0 /* Base */,
			);
			name = Main.storyboard;
			sourceTree = "<group>";
		};
		1337A8E51CD3C81F0081F0D0 /* LaunchScreen.storyboard */ = {
			isa = PBXVariantGroup;
			children = (
				1337A8E61CD3C81F0081F0D0 /* Base */,
			);
			name = LaunchScreen.storyboard;
			sourceTree = "<group>";
		};
/* End PBXVariantGroup section */

/* Begin XCBuildConfiguration section */
		1337A8FF1CD3C81F0081F0D0 /* Debug */ = {
			isa = XCBuildConfiguration;
			buildSettings = {
				ALWAYS_SEARCH_USER_PATHS = NO;
				CLANG_ANALYZER_NONNULL = YES;
				CLANG_CXX_LANGUAGE_STANDARD = "gnu++0x";
				CLANG_CXX_LIBRARY = "libc++";
				CLANG_ENABLE_MODULES = YES;
				CLANG_ENABLE_OBJC_ARC = YES;
				CLANG_WARN_BOOL_CONVERSION = YES;
				CLANG_WARN_CONSTANT_CONVERSION = YES;
				CLANG_WARN_DIRECT_OBJC_ISA_USAGE = YES_ERROR;
				CLANG_WARN_EMPTY_BODY = YES;
				CLANG_WARN_ENUM_CONVERSION = YES;
				CLANG_WARN_INT_CONVERSION = YES;
				CLANG_WARN_OBJC_ROOT_CLASS = YES_ERROR;
				CLANG_WARN_UNREACHABLE_CODE = YES;
				CLANG_WARN__DUPLICATE_METHOD_MATCH = YES;
				"CODE_SIGN_IDENTITY[sdk=iphoneos*]" = "iPhone Developer";
				COPY_PHASE_STRIP = NO;
				DEBUG_INFORMATION_FORMAT = dwarf;
				ENABLE_STRICT_OBJC_MSGSEND = YES;
				ENABLE_TESTABILITY = YES;
				GCC_C_LANGUAGE_STANDARD = gnu99;
				GCC_DYNAMIC_NO_PIC = NO;
				GCC_NO_COMMON_BLOCKS = YES;
				GCC_OPTIMIZATION_LEVEL = 0;
				GCC_PREPROCESSOR_DEFINITIONS = (
					"DEBUG=1",
					"$(inherited)",
				);
				GCC_WARN_64_TO_32_BIT_CONVERSION = YES;
				GCC_WARN_ABOUT_RETURN_TYPE = YES_ERROR;
				GCC_WARN_UNDECLARED_SELECTOR = YES;
				GCC_WARN_UNINITIALIZED_AUTOS = YES_AGGRESSIVE;
				GCC_WARN_UNUSED_FUNCTION = YES;
				GCC_WARN_UNUSED_VARIABLE = YES;
				IPHONEOS_DEPLOYMENT_TARGET = 9.3;
				MTL_ENABLE_DEBUG_INFO = YES;
				ONLY_ACTIVE_ARCH = YES;
				SDKROOT = iphoneos;
				SWIFT_OPTIMIZATION_LEVEL = "-Onone";
				TARGETED_DEVICE_FAMILY = "1,2";
			};
			name = Debug;
		};
		1337A9001CD3C81F0081F0D0 /* Release */ = {
			isa = XCBuildConfiguration;
			buildSettings = {
				ALWAYS_SEARCH_USER_PATHS = NO;
				CLANG_ANALYZER_NONNULL = YES;
				CLANG_CXX_LANGUAGE_STANDARD = "gnu++0x";
				CLANG_CXX_LIBRARY = "libc++";
				CLANG_ENABLE_MODULES = YES;
				CLANG_ENABLE_OBJC_ARC = YES;
				CLANG_WARN_BOOL_CONVERSION = YES;
				CLANG_WARN_CONSTANT_CONVERSION = YES;
				CLANG_WARN_DIRECT_OBJC_ISA_USAGE = YES_ERROR;
				CLANG_WARN_EMPTY_BODY = YES;
				CLANG_WARN_ENUM_CONVERSION = YES;
				CLANG_WARN_INT_CONVERSION = YES;
				CLANG_WARN_OBJC_ROOT_CLASS = YES_ERROR;
				CLANG_WARN_UNREACHABLE_CODE = YES;
				CLANG_WARN__DUPLICATE_METHOD_MATCH = YES;
				"CODE_SIGN_IDENTITY[sdk=iphoneos*]" = "iPhone Developer";
				COPY_PHASE_STRIP = NO;
				DEBUG_INFORMATION_FORMAT = "dwarf-with-dsym";
				ENABLE_NS_ASSERTIONS = NO;
				ENABLE_STRICT_OBJC_MSGSEND = YES;
				GCC_C_LANGUAGE_STANDARD = gnu99;
				GCC_NO_COMMON_BLOCKS = YES;
				GCC_WARN_64_TO_32_BIT_CONVERSION = YES;
				GCC_WARN_ABOUT_RETURN_TYPE = YES_ERROR;
				GCC_WARN_UNDECLARED_SELECTOR = YES;
				GCC_WARN_UNINITIALIZED_AUTOS = YES_AGGRESSIVE;
				GCC_WARN_UNUSED_FUNCTION = YES;
				GCC_WARN_UNUSED_VARIABLE = YES;
				IPHONEOS_DEPLOYMENT_TARGET = 9.3;
				MTL_ENABLE_DEBUG_INFO = NO;
				SDKROOT = iphoneos;
				TARGETED_DEVICE_FAMILY = "1,2";
				VALIDATE_PRODUCT = YES;
			};
			name = Release;
		};
		1337A9021CD3C81F0081F0D0 /* Debug */ = {
			isa = XCBuildConfiguration;
			buildSettings = {
				ASSETCATALOG_COMPILER_APPICON_NAME = AppIcon;
				INFOPLIST_FILE = VoicePitch/Info.plist;
				LD_RUNPATH_SEARCH_PATHS = "$(inherited) @executable_path/Frameworks";
				PRODUCT_BUNDLE_IDENTIFIER = com.jep.VoicePitch;
				PRODUCT_NAME = "$(TARGET_NAME)";
			};
			name = Debug;
		};
		1337A9031CD3C81F0081F0D0 /* Release */ = {
			isa = XCBuildConfiguration;
			buildSettings = {
				ASSETCATALOG_COMPILER_APPICON_NAME = AppIcon;
				INFOPLIST_FILE = VoicePitch/Info.plist;
				LD_RUNPATH_SEARCH_PATHS = "$(inherited) @executable_path/Frameworks";
				PRODUCT_BUNDLE_IDENTIFIER = com.jep.VoicePitch;
				PRODUCT_NAME = "$(TARGET_NAME)";
			};
			name = Release;
		};
		1337A9051CD3C81F0081F0D0 /* Debug */ = {
			isa = XCBuildConfiguration;
			buildSettings = {
				BUNDLE_LOADER = "$(TEST_HOST)";
				INFOPLIST_FILE = VoicePitchTests/Info.plist;
				LD_RUNPATH_SEARCH_PATHS = "$(inherited) @executable_path/Frameworks @loader_path/Frameworks";
				PRODUCT_BUNDLE_IDENTIFIER = com.jep.VoicePitchTests;
				PRODUCT_NAME = "$(TARGET_NAME)";
				TEST_HOST = "$(BUILT_PRODUCTS_DIR)/VoicePitch.app/VoicePitch";
			};
			name = Debug;
		};
		1337A9061CD3C81F0081F0D0 /* Release */ = {
			isa = XCBuildConfiguration;
			buildSettings = {
				BUNDLE_LOADER = "$(TEST_HOST)";
				INFOPLIST_FILE = VoicePitchTests/Info.plist;
				LD_RUNPATH_SEARCH_PATHS = "$(inherited) @executable_path/Frameworks @loader_path/Frameworks";
				PRODUCT_BUNDLE_IDENTIFIER = com.jep.VoicePitchTests;
				PRODUCT_NAME = "$(TARGET_NAME)";
				TEST_HOST = "$(BUILT_PRODUCTS_DIR)/VoicePitch.app/VoicePitch";
			};
			name = Release;
		};
		1337A9081CD3C81F0081F0D0 /* Debug */ = {
			isa = XCBuildConfiguration;
			buildSettings = {
				INFOPLIST_FILE = VoicePitchUITests/Info.plist;
				LD_RUNPATH_SEARCH_PATHS = "$(inherited) @executable_path/Frameworks @loader_path/Frameworks";
				PRODUCT_BUNDLE_IDENTIFIER = com.jep.VoicePitchUITests;
				PRODUCT_NAME = "$(TARGET_NAME)";
				TEST_TARGET_NAME = VoicePitch;
			};
			name = Debug;
		};
		1337A9091CD3C81F0081F0D0 /* Release */ = {
			isa = XCBuildConfiguration;
			buildSettings = {
				INFOPLIST_FILE = VoicePitchUITests/Info.plist;
				LD_RUNPATH_SEARCH_PATHS = "$(inherited) @executable_path/Frameworks @loader_path/Frameworks";
				PRODUCT_BUNDLE_IDENTIFIER = com.jep.VoicePitchUITests;
				PRODUCT_NAME = "$(TARGET_NAME)";
				TEST_TARGET_NAME = VoicePitch;
			};
			name = Release;
		};
/* End XCBuildConfiguration section */

/* Begin XCConfigurationList section */
		1337A8D41CD3C81F0081F0D0 /* Build configuration list for PBXProject "VoicePitch" */ = {
			isa = XCConfigurationList;
			buildConfigurations = (
				1337A8FF1CD3C81F0081F0D0 /* Debug */,
				1337A9001CD3C81F0081F0D0 /* Release */,
			);
			defaultConfigurationIsVisible = 0;
			defaultConfigurationName = Release;
		};
		1337A9011CD3C81F0081F0D0 /* Build configuration list for PBXNativeTarget "VoicePitch" */ = {
			isa = XCConfigurationList;
			buildConfigurations = (
				1337A9021CD3C81F0081F0D0 /* Debug */,
				1337A9031CD3C81F0081F0D0 /* Release */,
			);
			defaultConfigurationIsVisible = 0;
		};
		1337A9041CD3C81F0081F0D0 /* Build configuration list for PBXNativeTarget "VoicePitchTests" */ = {
			isa = XCConfigurationList;
			buildConfigurations = (
				1337A9051CD3C81F0081F0D0 /* Debug */,
				1337A9061CD3C81F0081F0D0 /* Release */,
			);
			defaultConfigurationIsVisible = 0;
		};
		1337A9071CD3C81F0081F0D0 /* Build configuration list for PBXNativeTarget "VoicePitchUITests" */ = {
			isa = XCConfigurationList;
			buildConfigurations = (
				1337A9081CD3C81F0081F0D0 /* Debug */,
				1337A9091CD3C81F0081F0D0 /* Release */,
			);
			defaultConfigurationIsVisible = 0;
		};
/* End XCConfigurationList section */
	};
	rootObject = 1337A8D11CD3C81F0081F0D0 /* Project object */;
}
